
Microsoft Visual Studio Solution File, Format Version 12.00
# Visual Studio Version 16
VisualStudioVersion = 16.0.29403.142
MinimumVisualStudioVersion = 10.0.40219.1
Project("{FAE04EC0-301F-11D3-BF4B-00C04F79EFBC}") = "Chapter_2", "Chapter_2\Chapter_2.csproj", "{3A70C895-B9E2-401F-887D-4CCDA557EF33}"
EndProject
Project("{FAE04EC0-301F-11D3-BF4B-00C04F79EFBC}") = "List_2_1", "List_2_1\List_2_1.csproj", "{DB7F666A-1F5C-4FFE-851E-911D0031EF63}"
EndProject
Project("{FAE04EC0-301F-11D3-BF4B-00C04F79EFBC}") = "List_2_2", "List_2_2\List_2_2.csproj", "{56FCC046-153F-4CC6-84A0-3BDDAEE9EA47}"
EndProject
Project("{FAE04EC0-301F-11D3-BF4B-00C04F79EFBC}") = "Example_2_1", "Example_2_1\Example_2_1.csproj", "{10D28EEA-734B-486E-8C4C-0C96362DCD4D}"
EndProject
Project("{FAE04EC0-301F-11D3-BF4B-00C04F79EFBC}") = "List_2_3", "List_2_3\List_2_3.csproj", "{0EDB75E9-8EFA-4695-B8CA-BDA546549085}"
EndProject
Project("{FAE04EC0-301F-11D3-BF4B-00C04F79EFBC}") = "Example_2_2", "Example_2_2\Example_2_2.csproj", "{84FE915D-53DC-4556-A380-BD6E3F31C2F3}"
EndProject
Project("{FAE04EC0-301F-11D3-BF4B-00C04F79EFBC}") = "List_2_4", "List_2_4\List_2_4.csproj", "{538672CF-0070-4B79-A62D-1C17D3FF0987}"
EndProject
Project("{FAE04EC0-301F-11D3-BF4B-00C04F79EFBC}") = "List_2_5", "List_2_5\List_2_5.csproj", "{719B7D1C-B7E1-4464-B48F-51B81AA0B8DB}"
EndProject
Project("{FAE04EC0-301F-11D3-BF4B-00C04F79EFBC}") = "List_2_6", "List_2_6\List_2_6.csproj", "{44ED719E-1FF4-49CA-96F2-AF2509E0EDF7}"
EndProject
Project("{FAE04EC0-301F-11D3-BF4B-00C04F79EFBC}") = "List_2_7", "List_2_7\List_2_7.csproj", "{4A0620F6-5096-4506-BE19-429697E76E6C}"
EndProject
Project("{FAE04EC0-301F-11D3-BF4B-00C04F79EFBC}") = "List_2_8", "List_2_8\List_2_8.csproj", "{50EE2C61-9B93-4FFD-9734-5210F66EFB11}"
EndProject
Project("{FAE04EC0-301F-11D3-BF4B-00C04F79EFBC}") = "List_2_9", "List_2_9\List_2_9.csproj", "{4FE17EA1-160A-40F2-8EEA-EB1BD78B4ADE}"
EndProject
Project("{FAE04EC0-301F-11D3-BF4B-00C04F79EFBC}") = "List_2_10", "List_2_10\List_2_10.csproj", "{6E211852-BDD1-463D-B784-62A6342E46EB}"
EndProject
Project("{FAE04EC0-301F-11D3-BF4B-00C04F79EFBC}") = "List_2_11", "List_2_11\List_2_11.csproj", "{9F044484-7A9F-44F9-89AE-17666A13E84D}"
EndProject
Project("{FAE04EC0-301F-11D3-BF4B-00C04F79EFBC}") = "List_2_12", "List_2_12\List_2_12.csproj", "{992E6B67-DF0C-451F-B0AC-5A2EB0998BB3}"
EndProject
Project("{FAE04EC0-301F-11D3-BF4B-00C04F79EFBC}") = "List_2_13", "List_2_13\List_2_13.csproj", "{7912D7EE-7225-4046-949E-FE3971B33788}"
EndProject
Project("{FAE04EC0-301F-11D3-BF4B-00C04F79EFBC}") = "List_2_15", "List_2_15\List_2_15.csproj", "{7C04CE94-0F85-495C-A846-84ACEBCC3732}"
EndProject
Project("{FAE04EC0-301F-11D3-BF4B-00C04F79EFBC}") = "List_2_16", "List_2_16\List_2_16.csproj", "{C4611EFE-E02A-4D44-98F9-FBA1D47CFE18}"
EndProject
Project("{FAE04EC0-301F-11D3-BF4B-00C04F79EFBC}") = "List_2_17", "List_2_17\List_2_17.csproj", "{51C28B7A-2E02-4580-8D66-F62187B5F114}"
EndProject
Project("{FAE04EC0-301F-11D3-BF4B-00C04F79EFBC}") = "List_2_18", "List_2_18\List_2_18.csproj", "{E52C3661-742E-4A57-9733-1A178A8E325C}"
EndProject
Project("{FAE04EC0-301F-11D3-BF4B-00C04F79EFBC}") = "List_2_19", "List_2_19\List_2_19.csproj", "{49D3188B-7B91-4EF8-B993-8440008BF02D}"
EndProject
Project("{FAE04EC0-301F-11D3-BF4B-00C04F79EFBC}") = "Example_2_3", "Example_2_3\Example_2_3.csproj", "{B1FADBE8-BD60-416B-9D58-79366CAC11EB}"
EndProject
Project("{FAE04EC0-301F-11D3-BF4B-00C04F79EFBC}") = "List_2_21", "List_2_21\List_2_21.csproj", "{5B27D199-791D-4688-B361-EDAE632CEE50}"
EndProject
Project("{9A19103F-16F7-4668-BE54-9A1E7A4F7556}") = "Example_2_4", "Example_2_4\Example_2_4.csproj", "{64B96857-10F9-4300-8E88-EA4277A8117F}"
EndProject
Project("{9A19103F-16F7-4668-BE54-9A1E7A4F7556}") = "List_2_23", "List_2_23\List_2_23.csproj", "{6C428CAA-85A0-4951-A3DB-912A4B2B9027}"
EndProject
Project("{9A19103F-16F7-4668-BE54-9A1E7A4F7556}") = "List_2_24", "List_2_24\List_2_24.csproj", "{F96102C1-1294-4F0E-8F40-DD5F2F87574B}"
EndProject
Project("{9A19103F-16F7-4668-BE54-9A1E7A4F7556}") = "List_2_25", "List_2_25\List_2_25.csproj", "{86C89C6D-6D0C-473D-9250-8F6C9561B94E}"
EndProject
Project("{FAE04EC0-301F-11D3-BF4B-00C04F79EFBC}") = "List_2_26_2", "List_2_26_2\List_2_26_2.csproj", "{938D9B76-5514-4FA9-9B8A-0E88084C3DD3}"
EndProject
Project("{9A19103F-16F7-4668-BE54-9A1E7A4F7556}") = "Example_Library_1", "Example_Library_1\Example_Library_1.csproj", "{418474D8-B9C6-4FFF-8F63-3D79165716AD}"
EndProject
Project("{FAE04EC0-301F-11D3-BF4B-00C04F79EFBC}") = "Example_2_5", "Example_2_5\Example_2_5.csproj", "{97B7E0C9-5AF3-4B4E-A5DF-9BB169049F24}"
EndProject
Project("{FAE04EC0-301F-11D3-BF4B-00C04F79EFBC}") = "List_2_27", "List_2_27\List_2_27.csproj", "{F34D2A00-D53F-448E-B2A2-278EAAEFFF2F}"
EndProject
Project("{FAE04EC0-301F-11D3-BF4B-00C04F79EFBC}") = "List_2_28", "List_2_28\List_2_28.csproj", "{6635D178-72BF-4493-AB24-A43ABEED8C1A}"
EndProject
Project("{FAE04EC0-301F-11D3-BF4B-00C04F79EFBC}") = "List_2_29", "List_2_29\List_2_29.csproj", "{F211CA7A-3DDC-4C73-BA49-6FAE48256C32}"
EndProject
Project("{FAE04EC0-301F-11D3-BF4B-00C04F79EFBC}") = "List_2_31", "List_2_31\List_2_31.csproj", "{D20C4684-DF0F-437E-82D3-A644B2C90A0A}"
EndProject
Project("{FAE04EC0-301F-11D3-BF4B-00C04F79EFBC}") = "Example_2_6", "Example_2_6\Example_2_6.csproj", "{A48E7F4F-664F-43C3-9209-911CC0174E6E}"
EndProject
Project("{FAE04EC0-301F-11D3-BF4B-00C04F79EFBC}") = "List_2_32", "List_2_32\List_2_32.csproj", "{3FE84717-6883-4E24-9411-5479DB1F024E}"
EndProject
Project("{FAE04EC0-301F-11D3-BF4B-00C04F79EFBC}") = "List_2_33", "List_2_33\List_2_33.csproj", "{84BE7ADE-8C1D-4C94-A972-DF4F943FCDC2}"
EndProject
Project("{FAE04EC0-301F-11D3-BF4B-00C04F79EFBC}") = "List_2_36", "List_2_36\List_2_36.csproj", "{46020DFB-DCA2-4839-A35D-8498B5672809}"
EndProject
Project("{FAE04EC0-301F-11D3-BF4B-00C04F79EFBC}") = "List_2_41", "List_2_41\List_2_41.csproj", "{BCCAA400-9D44-4CF2-9E3E-29C5DF7FA9BC}"
EndProject
Project("{FAE04EC0-301F-11D3-BF4B-00C04F79EFBC}") = "List_2_43", "List_2_43\List_2_43.csproj", "{80D97D35-2559-42DF-875B-983882FF10A9}"
EndProject
Project("{FAE04EC0-301F-11D3-BF4B-00C04F79EFBC}") = "Example_2_7", "Example_2_7\Example_2_7.csproj", "{62F77E6A-7569-4EE4-913A-9592E9D9521F}"
EndProject
Project("{FAE04EC0-301F-11D3-BF4B-00C04F79EFBC}") = "List_2_45", "List_2_45\List_2_45.csproj", "{66FB2057-38C7-4913-ABB2-3E2750FC3F49}"
EndProject
Global
	GlobalSection(SolutionConfigurationPlatforms) = preSolution
		Debug|Any CPU = Debug|Any CPU
		Release|Any CPU = Release|Any CPU
	EndGlobalSection
	GlobalSection(ProjectConfigurationPlatforms) = postSolution
		{3A70C895-B9E2-401F-887D-4CCDA557EF33}.Debug|Any CPU.ActiveCfg = Debug|Any CPU
		{3A70C895-B9E2-401F-887D-4CCDA557EF33}.Debug|Any CPU.Build.0 = Debug|Any CPU
		{3A70C895-B9E2-401F-887D-4CCDA557EF33}.Release|Any CPU.ActiveCfg = Release|Any CPU
		{3A70C895-B9E2-401F-887D-4CCDA557EF33}.Release|Any CPU.Build.0 = Release|Any CPU
		{DB7F666A-1F5C-4FFE-851E-911D0031EF63}.Debug|Any CPU.ActiveCfg = Debug|Any CPU
		{DB7F666A-1F5C-4FFE-851E-911D0031EF63}.Debug|Any CPU.Build.0 = Debug|Any CPU
		{DB7F666A-1F5C-4FFE-851E-911D0031EF63}.Release|Any CPU.ActiveCfg = Release|Any CPU
		{DB7F666A-1F5C-4FFE-851E-911D0031EF63}.Release|Any CPU.Build.0 = Release|Any CPU
		{56FCC046-153F-4CC6-84A0-3BDDAEE9EA47}.Debug|Any CPU.ActiveCfg = Debug|Any CPU
		{56FCC046-153F-4CC6-84A0-3BDDAEE9EA47}.Debug|Any CPU.Build.0 = Debug|Any CPU
		{56FCC046-153F-4CC6-84A0-3BDDAEE9EA47}.Release|Any CPU.ActiveCfg = Release|Any CPU
		{56FCC046-153F-4CC6-84A0-3BDDAEE9EA47}.Release|Any CPU.Build.0 = Release|Any CPU
		{10D28EEA-734B-486E-8C4C-0C96362DCD4D}.Debug|Any CPU.ActiveCfg = Debug|Any CPU
		{10D28EEA-734B-486E-8C4C-0C96362DCD4D}.Debug|Any CPU.Build.0 = Debug|Any CPU
		{10D28EEA-734B-486E-8C4C-0C96362DCD4D}.Release|Any CPU.ActiveCfg = Release|Any CPU
		{10D28EEA-734B-486E-8C4C-0C96362DCD4D}.Release|Any CPU.Build.0 = Release|Any CPU
		{0EDB75E9-8EFA-4695-B8CA-BDA546549085}.Debug|Any CPU.ActiveCfg = Debug|Any CPU
		{0EDB75E9-8EFA-4695-B8CA-BDA546549085}.Debug|Any CPU.Build.0 = Debug|Any CPU
		{0EDB75E9-8EFA-4695-B8CA-BDA546549085}.Release|Any CPU.ActiveCfg = Release|Any CPU
		{0EDB75E9-8EFA-4695-B8CA-BDA546549085}.Release|Any CPU.Build.0 = Release|Any CPU
		{84FE915D-53DC-4556-A380-BD6E3F31C2F3}.Debug|Any CPU.ActiveCfg = Debug|Any CPU
		{84FE915D-53DC-4556-A380-BD6E3F31C2F3}.Debug|Any CPU.Build.0 = Debug|Any CPU
		{84FE915D-53DC-4556-A380-BD6E3F31C2F3}.Release|Any CPU.ActiveCfg = Release|Any CPU
		{84FE915D-53DC-4556-A380-BD6E3F31C2F3}.Release|Any CPU.Build.0 = Release|Any CPU
		{538672CF-0070-4B79-A62D-1C17D3FF0987}.Debug|Any CPU.ActiveCfg = Debug|Any CPU
		{538672CF-0070-4B79-A62D-1C17D3FF0987}.Debug|Any CPU.Build.0 = Debug|Any CPU
		{538672CF-0070-4B79-A62D-1C17D3FF0987}.Release|Any CPU.ActiveCfg = Release|Any CPU
		{538672CF-0070-4B79-A62D-1C17D3FF0987}.Release|Any CPU.Build.0 = Release|Any CPU
		{719B7D1C-B7E1-4464-B48F-51B81AA0B8DB}.Debug|Any CPU.ActiveCfg = Debug|Any CPU
		{719B7D1C-B7E1-4464-B48F-51B81AA0B8DB}.Debug|Any CPU.Build.0 = Debug|Any CPU
		{719B7D1C-B7E1-4464-B48F-51B81AA0B8DB}.Release|Any CPU.ActiveCfg = Release|Any CPU
		{719B7D1C-B7E1-4464-B48F-51B81AA0B8DB}.Release|Any CPU.Build.0 = Release|Any CPU
		{44ED719E-1FF4-49CA-96F2-AF2509E0EDF7}.Debug|Any CPU.ActiveCfg = Debug|Any CPU
		{44ED719E-1FF4-49CA-96F2-AF2509E0EDF7}.Debug|Any CPU.Build.0 = Debug|Any CPU
		{44ED719E-1FF4-49CA-96F2-AF2509E0EDF7}.Release|Any CPU.ActiveCfg = Release|Any CPU
		{44ED719E-1FF4-49CA-96F2-AF2509E0EDF7}.Release|Any CPU.Build.0 = Release|Any CPU
		{4A0620F6-5096-4506-BE19-429697E76E6C}.Debug|Any CPU.ActiveCfg = Debug|Any CPU
		{4A0620F6-5096-4506-BE19-429697E76E6C}.Debug|Any CPU.Build.0 = Debug|Any CPU
		{4A0620F6-5096-4506-BE19-429697E76E6C}.Release|Any CPU.ActiveCfg = Release|Any CPU
		{4A0620F6-5096-4506-BE19-429697E76E6C}.Release|Any CPU.Build.0 = Release|Any CPU
		{50EE2C61-9B93-4FFD-9734-5210F66EFB11}.Debug|Any CPU.ActiveCfg = Debug|Any CPU
		{50EE2C61-9B93-4FFD-9734-5210F66EFB11}.Debug|Any CPU.Build.0 = Debug|Any CPU
		{50EE2C61-9B93-4FFD-9734-5210F66EFB11}.Release|Any CPU.ActiveCfg = Release|Any CPU
		{50EE2C61-9B93-4FFD-9734-5210F66EFB11}.Release|Any CPU.Build.0 = Release|Any CPU
		{4FE17EA1-160A-40F2-8EEA-EB1BD78B4ADE}.Debug|Any CPU.ActiveCfg = Debug|Any CPU
		{4FE17EA1-160A-40F2-8EEA-EB1BD78B4ADE}.Debug|Any CPU.Build.0 = Debug|Any CPU
		{4FE17EA1-160A-40F2-8EEA-EB1BD78B4ADE}.Release|Any CPU.ActiveCfg = Release|Any CPU
		{4FE17EA1-160A-40F2-8EEA-EB1BD78B4ADE}.Release|Any CPU.Build.0 = Release|Any CPU
		{6E211852-BDD1-463D-B784-62A6342E46EB}.Debug|Any CPU.ActiveCfg = Debug|Any CPU
		{6E211852-BDD1-463D-B784-62A6342E46EB}.Debug|Any CPU.Build.0 = Debug|Any CPU
		{6E211852-BDD1-463D-B784-62A6342E46EB}.Release|Any CPU.ActiveCfg = Release|Any CPU
		{6E211852-BDD1-463D-B784-62A6342E46EB}.Release|Any CPU.Build.0 = Release|Any CPU
		{9F044484-7A9F-44F9-89AE-17666A13E84D}.Debug|Any CPU.ActiveCfg = Debug|Any CPU
		{9F044484-7A9F-44F9-89AE-17666A13E84D}.Debug|Any CPU.Build.0 = Debug|Any CPU
		{9F044484-7A9F-44F9-89AE-17666A13E84D}.Release|Any CPU.ActiveCfg = Release|Any CPU
		{9F044484-7A9F-44F9-89AE-17666A13E84D}.Release|Any CPU.Build.0 = Release|Any CPU
		{992E6B67-DF0C-451F-B0AC-5A2EB0998BB3}.Debug|Any CPU.ActiveCfg = Debug|Any CPU
		{992E6B67-DF0C-451F-B0AC-5A2EB0998BB3}.Debug|Any CPU.Build.0 = Debug|Any CPU
		{992E6B67-DF0C-451F-B0AC-5A2EB0998BB3}.Release|Any CPU.ActiveCfg = Release|Any CPU
		{992E6B67-DF0C-451F-B0AC-5A2EB0998BB3}.Release|Any CPU.Build.0 = Release|Any CPU
		{7912D7EE-7225-4046-949E-FE3971B33788}.Debug|Any CPU.ActiveCfg = Debug|Any CPU
		{7912D7EE-7225-4046-949E-FE3971B33788}.Debug|Any CPU.Build.0 = Debug|Any CPU
		{7912D7EE-7225-4046-949E-FE3971B33788}.Release|Any CPU.ActiveCfg = Release|Any CPU
		{7912D7EE-7225-4046-949E-FE3971B33788}.Release|Any CPU.Build.0 = Release|Any CPU
		{7C04CE94-0F85-495C-A846-84ACEBCC3732}.Debug|Any CPU.ActiveCfg = Debug|Any CPU
		{7C04CE94-0F85-495C-A846-84ACEBCC3732}.Debug|Any CPU.Build.0 = Debug|Any CPU
		{7C04CE94-0F85-495C-A846-84ACEBCC3732}.Release|Any CPU.ActiveCfg = Release|Any CPU
		{7C04CE94-0F85-495C-A846-84ACEBCC3732}.Release|Any CPU.Build.0 = Release|Any CPU
		{C4611EFE-E02A-4D44-98F9-FBA1D47CFE18}.Debug|Any CPU.ActiveCfg = Debug|Any CPU
		{C4611EFE-E02A-4D44-98F9-FBA1D47CFE18}.Debug|Any CPU.Build.0 = Debug|Any CPU
		{C4611EFE-E02A-4D44-98F9-FBA1D47CFE18}.Release|Any CPU.ActiveCfg = Release|Any CPU
		{C4611EFE-E02A-4D44-98F9-FBA1D47CFE18}.Release|Any CPU.Build.0 = Release|Any CPU
		{51C28B7A-2E02-4580-8D66-F62187B5F114}.Debug|Any CPU.ActiveCfg = Debug|Any CPU
		{51C28B7A-2E02-4580-8D66-F62187B5F114}.Debug|Any CPU.Build.0 = Debug|Any CPU
		{51C28B7A-2E02-4580-8D66-F62187B5F114}.Release|Any CPU.ActiveCfg = Release|Any CPU
		{51C28B7A-2E02-4580-8D66-F62187B5F114}.Release|Any CPU.Build.0 = Release|Any CPU
		{E52C3661-742E-4A57-9733-1A178A8E325C}.Debug|Any CPU.ActiveCfg = Debug|Any CPU
		{E52C3661-742E-4A57-9733-1A178A8E325C}.Debug|Any CPU.Build.0 = Debug|Any CPU
		{E52C3661-742E-4A57-9733-1A178A8E325C}.Release|Any CPU.ActiveCfg = Release|Any CPU
		{E52C3661-742E-4A57-9733-1A178A8E325C}.Release|Any CPU.Build.0 = Release|Any CPU
		{49D3188B-7B91-4EF8-B993-8440008BF02D}.Debug|Any CPU.ActiveCfg = Debug|Any CPU
		{49D3188B-7B91-4EF8-B993-8440008BF02D}.Debug|Any CPU.Build.0 = Debug|Any CPU
		{49D3188B-7B91-4EF8-B993-8440008BF02D}.Release|Any CPU.ActiveCfg = Release|Any CPU
		{49D3188B-7B91-4EF8-B993-8440008BF02D}.Release|Any CPU.Build.0 = Release|Any CPU
		{B1FADBE8-BD60-416B-9D58-79366CAC11EB}.Debug|Any CPU.ActiveCfg = Debug|Any CPU
		{B1FADBE8-BD60-416B-9D58-79366CAC11EB}.Debug|Any CPU.Build.0 = Debug|Any CPU
		{B1FADBE8-BD60-416B-9D58-79366CAC11EB}.Release|Any CPU.ActiveCfg = Release|Any CPU
		{B1FADBE8-BD60-416B-9D58-79366CAC11EB}.Release|Any CPU.Build.0 = Release|Any CPU
		{5B27D199-791D-4688-B361-EDAE632CEE50}.Debug|Any CPU.ActiveCfg = Debug|Any CPU
		{5B27D199-791D-4688-B361-EDAE632CEE50}.Debug|Any CPU.Build.0 = Debug|Any CPU
		{5B27D199-791D-4688-B361-EDAE632CEE50}.Release|Any CPU.ActiveCfg = Release|Any CPU
		{5B27D199-791D-4688-B361-EDAE632CEE50}.Release|Any CPU.Build.0 = Release|Any CPU
		{64B96857-10F9-4300-8E88-EA4277A8117F}.Debug|Any CPU.ActiveCfg = Debug|Any CPU
		{64B96857-10F9-4300-8E88-EA4277A8117F}.Debug|Any CPU.Build.0 = Debug|Any CPU
		{64B96857-10F9-4300-8E88-EA4277A8117F}.Release|Any CPU.ActiveCfg = Release|Any CPU
		{64B96857-10F9-4300-8E88-EA4277A8117F}.Release|Any CPU.Build.0 = Release|Any CPU
		{6C428CAA-85A0-4951-A3DB-912A4B2B9027}.Debug|Any CPU.ActiveCfg = Debug|Any CPU
		{6C428CAA-85A0-4951-A3DB-912A4B2B9027}.Debug|Any CPU.Build.0 = Debug|Any CPU
		{6C428CAA-85A0-4951-A3DB-912A4B2B9027}.Release|Any CPU.ActiveCfg = Release|Any CPU
		{6C428CAA-85A0-4951-A3DB-912A4B2B9027}.Release|Any CPU.Build.0 = Release|Any CPU
		{F96102C1-1294-4F0E-8F40-DD5F2F87574B}.Debug|Any CPU.ActiveCfg = Debug|Any CPU
		{F96102C1-1294-4F0E-8F40-DD5F2F87574B}.Debug|Any CPU.Build.0 = Debug|Any CPU
		{F96102C1-1294-4F0E-8F40-DD5F2F87574B}.Release|Any CPU.ActiveCfg = Release|Any CPU
		{F96102C1-1294-4F0E-8F40-DD5F2F87574B}.Release|Any CPU.Build.0 = Release|Any CPU
		{86C89C6D-6D0C-473D-9250-8F6C9561B94E}.Debug|Any CPU.ActiveCfg = Debug|Any CPU
		{86C89C6D-6D0C-473D-9250-8F6C9561B94E}.Debug|Any CPU.Build.0 = Debug|Any CPU
		{86C89C6D-6D0C-473D-9250-8F6C9561B94E}.Release|Any CPU.ActiveCfg = Release|Any CPU
		{86C89C6D-6D0C-473D-9250-8F6C9561B94E}.Release|Any CPU.Build.0 = Release|Any CPU
		{938D9B76-5514-4FA9-9B8A-0E88084C3DD3}.Debug|Any CPU.ActiveCfg = Debug|Any CPU
		{938D9B76-5514-4FA9-9B8A-0E88084C3DD3}.Debug|Any CPU.Build.0 = Debug|Any CPU
		{938D9B76-5514-4FA9-9B8A-0E88084C3DD3}.Release|Any CPU.ActiveCfg = Release|Any CPU
		{938D9B76-5514-4FA9-9B8A-0E88084C3DD3}.Release|Any CPU.Build.0 = Release|Any CPU
		{418474D8-B9C6-4FFF-8F63-3D79165716AD}.Debug|Any CPU.ActiveCfg = Debug|Any CPU
		{418474D8-B9C6-4FFF-8F63-3D79165716AD}.Debug|Any CPU.Build.0 = Debug|Any CPU
		{418474D8-B9C6-4FFF-8F63-3D79165716AD}.Release|Any CPU.ActiveCfg = Release|Any CPU
		{418474D8-B9C6-4FFF-8F63-3D79165716AD}.Release|Any CPU.Build.0 = Release|Any CPU
		{97B7E0C9-5AF3-4B4E-A5DF-9BB169049F24}.Debug|Any CPU.ActiveCfg = Debug|Any CPU
		{97B7E0C9-5AF3-4B4E-A5DF-9BB169049F24}.Debug|Any CPU.Build.0 = Debug|Any CPU
		{97B7E0C9-5AF3-4B4E-A5DF-9BB169049F24}.Release|Any CPU.ActiveCfg = Release|Any CPU
		{97B7E0C9-5AF3-4B4E-A5DF-9BB169049F24}.Release|Any CPU.Build.0 = Release|Any CPU
		{F34D2A00-D53F-448E-B2A2-278EAAEFFF2F}.Debug|Any CPU.ActiveCfg = Debug|Any CPU
		{F34D2A00-D53F-448E-B2A2-278EAAEFFF2F}.Debug|Any CPU.Build.0 = Debug|Any CPU
		{F34D2A00-D53F-448E-B2A2-278EAAEFFF2F}.Release|Any CPU.ActiveCfg = Release|Any CPU
		{F34D2A00-D53F-448E-B2A2-278EAAEFFF2F}.Release|Any CPU.Build.0 = Release|Any CPU
		{6635D178-72BF-4493-AB24-A43ABEED8C1A}.Debug|Any CPU.ActiveCfg = Debug|Any CPU
		{6635D178-72BF-4493-AB24-A43ABEED8C1A}.Debug|Any CPU.Build.0 = Debug|Any CPU
		{6635D178-72BF-4493-AB24-A43ABEED8C1A}.Release|Any CPU.ActiveCfg = Release|Any CPU
		{6635D178-72BF-4493-AB24-A43ABEED8C1A}.Release|Any CPU.Build.0 = Release|Any CPU
		{F211CA7A-3DDC-4C73-BA49-6FAE48256C32}.Debug|Any CPU.ActiveCfg = Debug|Any CPU
		{F211CA7A-3DDC-4C73-BA49-6FAE48256C32}.Debug|Any CPU.Build.0 = Debug|Any CPU
		{F211CA7A-3DDC-4C73-BA49-6FAE48256C32}.Release|Any CPU.ActiveCfg = Release|Any CPU
		{F211CA7A-3DDC-4C73-BA49-6FAE48256C32}.Release|Any CPU.Build.0 = Release|Any CPU
		{D20C4684-DF0F-437E-82D3-A644B2C90A0A}.Debug|Any CPU.ActiveCfg = Debug|Any CPU
		{D20C4684-DF0F-437E-82D3-A644B2C90A0A}.Debug|Any CPU.Build.0 = Debug|Any CPU
		{D20C4684-DF0F-437E-82D3-A644B2C90A0A}.Release|Any CPU.ActiveCfg = Release|Any CPU
		{D20C4684-DF0F-437E-82D3-A644B2C90A0A}.Release|Any CPU.Build.0 = Release|Any CPU
		{A48E7F4F-664F-43C3-9209-911CC0174E6E}.Debug|Any CPU.ActiveCfg = Debug|Any CPU
		{A48E7F4F-664F-43C3-9209-911CC0174E6E}.Debug|Any CPU.Build.0 = Debug|Any CPU
		{A48E7F4F-664F-43C3-9209-911CC0174E6E}.Release|Any CPU.ActiveCfg = Release|Any CPU
		{A48E7F4F-664F-43C3-9209-911CC0174E6E}.Release|Any CPU.Build.0 = Release|Any CPU
		{3FE84717-6883-4E24-9411-5479DB1F024E}.Debug|Any CPU.ActiveCfg = Debug|Any CPU
		{3FE84717-6883-4E24-9411-5479DB1F024E}.Debug|Any CPU.Build.0 = Debug|Any CPU
		{3FE84717-6883-4E24-9411-5479DB1F024E}.Release|Any CPU.ActiveCfg = Release|Any CPU
		{3FE84717-6883-4E24-9411-5479DB1F024E}.Release|Any CPU.Build.0 = Release|Any CPU
		{84BE7ADE-8C1D-4C94-A972-DF4F943FCDC2}.Debug|Any CPU.ActiveCfg = Debug|Any CPU
		{84BE7ADE-8C1D-4C94-A972-DF4F943FCDC2}.Debug|Any CPU.Build.0 = Debug|Any CPU
		{84BE7ADE-8C1D-4C94-A972-DF4F943FCDC2}.Release|Any CPU.ActiveCfg = Release|Any CPU
		{84BE7ADE-8C1D-4C94-A972-DF4F943FCDC2}.Release|Any CPU.Build.0 = Release|Any CPU
		{46020DFB-DCA2-4839-A35D-8498B5672809}.Debug|Any CPU.ActiveCfg = Debug|Any CPU
		{46020DFB-DCA2-4839-A35D-8498B5672809}.Debug|Any CPU.Build.0 = Debug|Any CPU
		{46020DFB-DCA2-4839-A35D-8498B5672809}.Release|Any CPU.ActiveCfg = Release|Any CPU
		{46020DFB-DCA2-4839-A35D-8498B5672809}.Release|Any CPU.Build.0 = Release|Any CPU
		{BCCAA400-9D44-4CF2-9E3E-29C5DF7FA9BC}.Debug|Any CPU.ActiveCfg = Debug|Any CPU
		{BCCAA400-9D44-4CF2-9E3E-29C5DF7FA9BC}.Debug|Any CPU.Build.0 = Debug|Any CPU
		{BCCAA400-9D44-4CF2-9E3E-29C5DF7FA9BC}.Release|Any CPU.ActiveCfg = Release|Any CPU
		{BCCAA400-9D44-4CF2-9E3E-29C5DF7FA9BC}.Release|Any CPU.Build.0 = Release|Any CPU
		{80D97D35-2559-42DF-875B-983882FF10A9}.Debug|Any CPU.ActiveCfg = Debug|Any CPU
		{80D97D35-2559-42DF-875B-983882FF10A9}.Debug|Any CPU.Build.0 = Debug|Any CPU
		{80D97D35-2559-42DF-875B-983882FF10A9}.Release|Any CPU.ActiveCfg = Release|Any CPU
		{80D97D35-2559-42DF-875B-983882FF10A9}.Release|Any CPU.Build.0 = Release|Any CPU
		{62F77E6A-7569-4EE4-913A-9592E9D9521F}.Debug|Any CPU.ActiveCfg = Debug|Any CPU
		{62F77E6A-7569-4EE4-913A-9592E9D9521F}.Debug|Any CPU.Build.0 = Debug|Any CPU
		{62F77E6A-7569-4EE4-913A-9592E9D9521F}.Release|Any CPU.ActiveCfg = Release|Any CPU
		{62F77E6A-7569-4EE4-913A-9592E9D9521F}.Release|Any CPU.Build.0 = Release|Any CPU
		{66FB2057-38C7-4913-ABB2-3E2750FC3F49}.Debug|Any CPU.ActiveCfg = Debug|Any CPU
		{66FB2057-38C7-4913-ABB2-3E2750FC3F49}.Debug|Any CPU.Build.0 = Debug|Any CPU
		{66FB2057-38C7-4913-ABB2-3E2750FC3F49}.Release|Any CPU.ActiveCfg = Release|Any CPU
		{66FB2057-38C7-4913-ABB2-3E2750FC3F49}.Release|Any CPU.Build.0 = Release|Any CPU
	EndGlobalSection
	GlobalSection(SolutionProperties) = preSolution
		HideSolutionNode = FALSE
	EndGlobalSection
	GlobalSection(ExtensibilityGlobals) = postSolution
		SolutionGuid = {D2B7B3AE-22AB-4E0B-8FCE-B0696E50C650}
	EndGlobalSection
EndGlobal
