
Microsoft Visual Studio Solution File, Format Version 12.00
# Visual Studio 15
VisualStudioVersion = 15.0.28307.421
MinimumVisualStudioVersion = 10.0.40219.1
Project("{FAE04EC0-301F-11D3-BF4B-00C04F79EFBC}") = "Chapter_2", "Chapter_2\Chapter_2.csproj", "{3A70C895-B9E2-401F-887D-4CCDA557EF33}"
EndProject
Project("{FAE04EC0-301F-11D3-BF4B-00C04F79EFBC}") = "List_2_1", "List_2_1\List_2_1.csproj", "{DB7F666A-1F5C-4FFE-851E-911D0031EF63}"
EndProject
Project("{FAE04EC0-301F-11D3-BF4B-00C04F79EFBC}") = "List_2_2", "List_2_2\List_2_2.csproj", "{56FCC046-153F-4CC6-84A0-3BDDAEE9EA47}"
EndProject
Project("{FAE04EC0-301F-11D3-BF4B-00C04F79EFBC}") = "Example_2_1", "Example_2_1\Example_2_1.csproj", "{10D28EEA-734B-486E-8C4C-0C96362DCD4D}"
EndProject
Project("{FAE04EC0-301F-11D3-BF4B-00C04F79EFBC}") = "List_2_3", "List_2_3\List_2_3.csproj", "{0EDB75E9-8EFA-4695-B8CA-BDA546549085}"
EndProject
Project("{FAE04EC0-301F-11D3-BF4B-00C04F79EFBC}") = "Example_2_2", "Example_2_2\Example_2_2.csproj", "{84FE915D-53DC-4556-A380-BD6E3F31C2F3}"
EndProject
Project("{FAE04EC0-301F-11D3-BF4B-00C04F79EFBC}") = "List_2_4", "List_2_4\List_2_4.csproj", "{538672CF-0070-4B79-A62D-1C17D3FF0987}"
EndProject
Project("{FAE04EC0-301F-11D3-BF4B-00C04F79EFBC}") = "List_2_5", "List_2_5\List_2_5.csproj", "{719B7D1C-B7E1-4464-B48F-51B81AA0B8DB}"
EndProject
Project("{FAE04EC0-301F-11D3-BF4B-00C04F79EFBC}") = "List_2_6", "List_2_6\List_2_6.csproj", "{44ED719E-1FF4-49CA-96F2-AF2509E0EDF7}"
EndProject
Project("{FAE04EC0-301F-11D3-BF4B-00C04F79EFBC}") = "List_2_7", "List_2_7\List_2_7.csproj", "{4A0620F6-5096-4506-BE19-429697E76E6C}"
EndProject
Project("{FAE04EC0-301F-11D3-BF4B-00C04F79EFBC}") = "List_2_8", "List_2_8\List_2_8.csproj", "{50EE2C61-9B93-4FFD-9734-5210F66EFB11}"
EndProject
Project("{FAE04EC0-301F-11D3-BF4B-00C04F79EFBC}") = "List_2_9", "List_2_9\List_2_9.csproj", "{4FE17EA1-160A-40F2-8EEA-EB1BD78B4ADE}"
EndProject
Project("{FAE04EC0-301F-11D3-BF4B-00C04F79EFBC}") = "List_2_10", "List_2_10\List_2_10.csproj", "{6E211852-BDD1-463D-B784-62A6342E46EB}"
EndProject
Project("{FAE04EC0-301F-11D3-BF4B-00C04F79EFBC}") = "List_2_11", "List_2_11\List_2_11.csproj", "{9F044484-7A9F-44F9-89AE-17666A13E84D}"
EndProject
Project("{FAE04EC0-301F-11D3-BF4B-00C04F79EFBC}") = "List_2_12", "List_2_12\List_2_12.csproj", "{992E6B67-DF0C-451F-B0AC-5A2EB0998BB3}"
EndProject
Project("{FAE04EC0-301F-11D3-BF4B-00C04F79EFBC}") = "List_2_13", "List_2_13\List_2_13.csproj", "{7912D7EE-7225-4046-949E-FE3971B33788}"
EndProject
Project("{FAE04EC0-301F-11D3-BF4B-00C04F79EFBC}") = "List_2_15", "List_2_15\List_2_15.csproj", "{7C04CE94-0F85-495C-A846-84ACEBCC3732}"
EndProject
Project("{FAE04EC0-301F-11D3-BF4B-00C04F79EFBC}") = "List_2_16", "List_2_16\List_2_16.csproj", "{C4611EFE-E02A-4D44-98F9-FBA1D47CFE18}"
EndProject
Project("{FAE04EC0-301F-11D3-BF4B-00C04F79EFBC}") = "List_2_17", "List_2_17\List_2_17.csproj", "{51C28B7A-2E02-4580-8D66-F62187B5F114}"
EndProject
Project("{FAE04EC0-301F-11D3-BF4B-00C04F79EFBC}") = "List_2_18", "List_2_18\List_2_18.csproj", "{E52C3661-742E-4A57-9733-1A178A8E325C}"
EndProject
Project("{FAE04EC0-301F-11D3-BF4B-00C04F79EFBC}") = "List_2_19", "List_2_19\List_2_19.csproj", "{49D3188B-7B91-4EF8-B993-8440008BF02D}"
EndProject
Project("{FAE04EC0-301F-11D3-BF4B-00C04F79EFBC}") = "Example_2_3", "Example_2_3\Example_2_3.csproj", "{B1FADBE8-BD60-416B-9D58-79366CAC11EB}"
EndProject
Project("{FAE04EC0-301F-11D3-BF4B-00C04F79EFBC}") = "List_2_21", "List_2_21\List_2_21.csproj", "{5B27D199-791D-4688-B361-EDAE632CEE50}"
EndProject
Global
	GlobalSection(SolutionConfigurationPlatforms) = preSolution
		Debug|Any CPU = Debug|Any CPU
		Release|Any CPU = Release|Any CPU
	EndGlobalSection
	GlobalSection(ProjectConfigurationPlatforms) = postSolution
		{3A70C895-B9E2-401F-887D-4CCDA557EF33}.Debug|Any CPU.ActiveCfg = Debug|Any CPU
		{3A70C895-B9E2-401F-887D-4CCDA557EF33}.Debug|Any CPU.Build.0 = Debug|Any CPU
		{3A70C895-B9E2-401F-887D-4CCDA557EF33}.Release|Any CPU.ActiveCfg = Release|Any CPU
		{3A70C895-B9E2-401F-887D-4CCDA557EF33}.Release|Any CPU.Build.0 = Release|Any CPU
		{DB7F666A-1F5C-4FFE-851E-911D0031EF63}.Debug|Any CPU.ActiveCfg = Debug|Any CPU
		{DB7F666A-1F5C-4FFE-851E-911D0031EF63}.Debug|Any CPU.Build.0 = Debug|Any CPU
		{DB7F666A-1F5C-4FFE-851E-911D0031EF63}.Release|Any CPU.ActiveCfg = Release|Any CPU
		{DB7F666A-1F5C-4FFE-851E-911D0031EF63}.Release|Any CPU.Build.0 = Release|Any CPU
		{56FCC046-153F-4CC6-84A0-3BDDAEE9EA47}.Debug|Any CPU.ActiveCfg = Debug|Any CPU
		{56FCC046-153F-4CC6-84A0-3BDDAEE9EA47}.Debug|Any CPU.Build.0 = Debug|Any CPU
		{56FCC046-153F-4CC6-84A0-3BDDAEE9EA47}.Release|Any CPU.ActiveCfg = Release|Any CPU
		{56FCC046-153F-4CC6-84A0-3BDDAEE9EA47}.Release|Any CPU.Build.0 = Release|Any CPU
		{10D28EEA-734B-486E-8C4C-0C96362DCD4D}.Debug|Any CPU.ActiveCfg = Debug|Any CPU
		{10D28EEA-734B-486E-8C4C-0C96362DCD4D}.Debug|Any CPU.Build.0 = Debug|Any CPU
		{10D28EEA-734B-486E-8C4C-0C96362DCD4D}.Release|Any CPU.ActiveCfg = Release|Any CPU
		{10D28EEA-734B-486E-8C4C-0C96362DCD4D}.Release|Any CPU.Build.0 = Release|Any CPU
		{0EDB75E9-8EFA-4695-B8CA-BDA546549085}.Debug|Any CPU.ActiveCfg = Debug|Any CPU
		{0EDB75E9-8EFA-4695-B8CA-BDA546549085}.Debug|Any CPU.Build.0 = Debug|Any CPU
		{0EDB75E9-8EFA-4695-B8CA-BDA546549085}.Release|Any CPU.ActiveCfg = Release|Any CPU
		{0EDB75E9-8EFA-4695-B8CA-BDA546549085}.Release|Any CPU.Build.0 = Release|Any CPU
		{84FE915D-53DC-4556-A380-BD6E3F31C2F3}.Debug|Any CPU.ActiveCfg = Debug|Any CPU
		{84FE915D-53DC-4556-A380-BD6E3F31C2F3}.Debug|Any CPU.Build.0 = Debug|Any CPU
		{84FE915D-53DC-4556-A380-BD6E3F31C2F3}.Release|Any CPU.ActiveCfg = Release|Any CPU
		{84FE915D-53DC-4556-A380-BD6E3F31C2F3}.Release|Any CPU.Build.0 = Release|Any CPU
		{538672CF-0070-4B79-A62D-1C17D3FF0987}.Debug|Any CPU.ActiveCfg = Debug|Any CPU
		{538672CF-0070-4B79-A62D-1C17D3FF0987}.Debug|Any CPU.Build.0 = Debug|Any CPU
		{538672CF-0070-4B79-A62D-1C17D3FF0987}.Release|Any CPU.ActiveCfg = Release|Any CPU
		{538672CF-0070-4B79-A62D-1C17D3FF0987}.Release|Any CPU.Build.0 = Release|Any CPU
		{719B7D1C-B7E1-4464-B48F-51B81AA0B8DB}.Debug|Any CPU.ActiveCfg = Debug|Any CPU
		{719B7D1C-B7E1-4464-B48F-51B81AA0B8DB}.Debug|Any CPU.Build.0 = Debug|Any CPU
		{719B7D1C-B7E1-4464-B48F-51B81AA0B8DB}.Release|Any CPU.ActiveCfg = Release|Any CPU
		{719B7D1C-B7E1-4464-B48F-51B81AA0B8DB}.Release|Any CPU.Build.0 = Release|Any CPU
		{44ED719E-1FF4-49CA-96F2-AF2509E0EDF7}.Debug|Any CPU.ActiveCfg = Debug|Any CPU
		{44ED719E-1FF4-49CA-96F2-AF2509E0EDF7}.Debug|Any CPU.Build.0 = Debug|Any CPU
		{44ED719E-1FF4-49CA-96F2-AF2509E0EDF7}.Release|Any CPU.ActiveCfg = Release|Any CPU
		{44ED719E-1FF4-49CA-96F2-AF2509E0EDF7}.Release|Any CPU.Build.0 = Release|Any CPU
		{4A0620F6-5096-4506-BE19-429697E76E6C}.Debug|Any CPU.ActiveCfg = Debug|Any CPU
		{4A0620F6-5096-4506-BE19-429697E76E6C}.Debug|Any CPU.Build.0 = Debug|Any CPU
		{4A0620F6-5096-4506-BE19-429697E76E6C}.Release|Any CPU.ActiveCfg = Release|Any CPU
		{4A0620F6-5096-4506-BE19-429697E76E6C}.Release|Any CPU.Build.0 = Release|Any CPU
		{50EE2C61-9B93-4FFD-9734-5210F66EFB11}.Debug|Any CPU.ActiveCfg = Debug|Any CPU
		{50EE2C61-9B93-4FFD-9734-5210F66EFB11}.Debug|Any CPU.Build.0 = Debug|Any CPU
		{50EE2C61-9B93-4FFD-9734-5210F66EFB11}.Release|Any CPU.ActiveCfg = Release|Any CPU
		{50EE2C61-9B93-4FFD-9734-5210F66EFB11}.Release|Any CPU.Build.0 = Release|Any CPU
		{4FE17EA1-160A-40F2-8EEA-EB1BD78B4ADE}.Debug|Any CPU.ActiveCfg = Debug|Any CPU
		{4FE17EA1-160A-40F2-8EEA-EB1BD78B4ADE}.Debug|Any CPU.Build.0 = Debug|Any CPU
		{4FE17EA1-160A-40F2-8EEA-EB1BD78B4ADE}.Release|Any CPU.ActiveCfg = Release|Any CPU
		{4FE17EA1-160A-40F2-8EEA-EB1BD78B4ADE}.Release|Any CPU.Build.0 = Release|Any CPU
		{6E211852-BDD1-463D-B784-62A6342E46EB}.Debug|Any CPU.ActiveCfg = Debug|Any CPU
		{6E211852-BDD1-463D-B784-62A6342E46EB}.Debug|Any CPU.Build.0 = Debug|Any CPU
		{6E211852-BDD1-463D-B784-62A6342E46EB}.Release|Any CPU.ActiveCfg = Release|Any CPU
		{6E211852-BDD1-463D-B784-62A6342E46EB}.Release|Any CPU.Build.0 = Release|Any CPU
		{9F044484-7A9F-44F9-89AE-17666A13E84D}.Debug|Any CPU.ActiveCfg = Debug|Any CPU
		{9F044484-7A9F-44F9-89AE-17666A13E84D}.Debug|Any CPU.Build.0 = Debug|Any CPU
		{9F044484-7A9F-44F9-89AE-17666A13E84D}.Release|Any CPU.ActiveCfg = Release|Any CPU
		{9F044484-7A9F-44F9-89AE-17666A13E84D}.Release|Any CPU.Build.0 = Release|Any CPU
		{992E6B67-DF0C-451F-B0AC-5A2EB0998BB3}.Debug|Any CPU.ActiveCfg = Debug|Any CPU
		{992E6B67-DF0C-451F-B0AC-5A2EB0998BB3}.Debug|Any CPU.Build.0 = Debug|Any CPU
		{992E6B67-DF0C-451F-B0AC-5A2EB0998BB3}.Release|Any CPU.ActiveCfg = Release|Any CPU
		{992E6B67-DF0C-451F-B0AC-5A2EB0998BB3}.Release|Any CPU.Build.0 = Release|Any CPU
		{7912D7EE-7225-4046-949E-FE3971B33788}.Debug|Any CPU.ActiveCfg = Debug|Any CPU
		{7912D7EE-7225-4046-949E-FE3971B33788}.Debug|Any CPU.Build.0 = Debug|Any CPU
		{7912D7EE-7225-4046-949E-FE3971B33788}.Release|Any CPU.ActiveCfg = Release|Any CPU
		{7912D7EE-7225-4046-949E-FE3971B33788}.Release|Any CPU.Build.0 = Release|Any CPU
		{7C04CE94-0F85-495C-A846-84ACEBCC3732}.Debug|Any CPU.ActiveCfg = Debug|Any CPU
		{7C04CE94-0F85-495C-A846-84ACEBCC3732}.Debug|Any CPU.Build.0 = Debug|Any CPU
		{7C04CE94-0F85-495C-A846-84ACEBCC3732}.Release|Any CPU.ActiveCfg = Release|Any CPU
		{7C04CE94-0F85-495C-A846-84ACEBCC3732}.Release|Any CPU.Build.0 = Release|Any CPU
		{C4611EFE-E02A-4D44-98F9-FBA1D47CFE18}.Debug|Any CPU.ActiveCfg = Debug|Any CPU
		{C4611EFE-E02A-4D44-98F9-FBA1D47CFE18}.Debug|Any CPU.Build.0 = Debug|Any CPU
		{C4611EFE-E02A-4D44-98F9-FBA1D47CFE18}.Release|Any CPU.ActiveCfg = Release|Any CPU
		{C4611EFE-E02A-4D44-98F9-FBA1D47CFE18}.Release|Any CPU.Build.0 = Release|Any CPU
		{51C28B7A-2E02-4580-8D66-F62187B5F114}.Debug|Any CPU.ActiveCfg = Debug|Any CPU
		{51C28B7A-2E02-4580-8D66-F62187B5F114}.Debug|Any CPU.Build.0 = Debug|Any CPU
		{51C28B7A-2E02-4580-8D66-F62187B5F114}.Release|Any CPU.ActiveCfg = Release|Any CPU
		{51C28B7A-2E02-4580-8D66-F62187B5F114}.Release|Any CPU.Build.0 = Release|Any CPU
		{E52C3661-742E-4A57-9733-1A178A8E325C}.Debug|Any CPU.ActiveCfg = Debug|Any CPU
		{E52C3661-742E-4A57-9733-1A178A8E325C}.Debug|Any CPU.Build.0 = Debug|Any CPU
		{E52C3661-742E-4A57-9733-1A178A8E325C}.Release|Any CPU.ActiveCfg = Release|Any CPU
		{E52C3661-742E-4A57-9733-1A178A8E325C}.Release|Any CPU.Build.0 = Release|Any CPU
		{49D3188B-7B91-4EF8-B993-8440008BF02D}.Debug|Any CPU.ActiveCfg = Debug|Any CPU
		{49D3188B-7B91-4EF8-B993-8440008BF02D}.Debug|Any CPU.Build.0 = Debug|Any CPU
		{49D3188B-7B91-4EF8-B993-8440008BF02D}.Release|Any CPU.ActiveCfg = Release|Any CPU
		{49D3188B-7B91-4EF8-B993-8440008BF02D}.Release|Any CPU.Build.0 = Release|Any CPU
		{B1FADBE8-BD60-416B-9D58-79366CAC11EB}.Debug|Any CPU.ActiveCfg = Debug|Any CPU
		{B1FADBE8-BD60-416B-9D58-79366CAC11EB}.Debug|Any CPU.Build.0 = Debug|Any CPU
		{B1FADBE8-BD60-416B-9D58-79366CAC11EB}.Release|Any CPU.ActiveCfg = Release|Any CPU
		{B1FADBE8-BD60-416B-9D58-79366CAC11EB}.Release|Any CPU.Build.0 = Release|Any CPU
		{5B27D199-791D-4688-B361-EDAE632CEE50}.Debug|Any CPU.ActiveCfg = Debug|Any CPU
		{5B27D199-791D-4688-B361-EDAE632CEE50}.Debug|Any CPU.Build.0 = Debug|Any CPU
		{5B27D199-791D-4688-B361-EDAE632CEE50}.Release|Any CPU.ActiveCfg = Release|Any CPU
		{5B27D199-791D-4688-B361-EDAE632CEE50}.Release|Any CPU.Build.0 = Release|Any CPU
	EndGlobalSection
	GlobalSection(SolutionProperties) = preSolution
		HideSolutionNode = FALSE
	EndGlobalSection
	GlobalSection(ExtensibilityGlobals) = postSolution
		SolutionGuid = {D2B7B3AE-22AB-4E0B-8FCE-B0696E50C650}
	EndGlobalSection
EndGlobal
