
Microsoft Visual Studio Solution File, Format Version 12.00
# Visual Studio Version 16
VisualStudioVersion = 16.0.29403.142
MinimumVisualStudioVersion = 10.0.40219.1
Project("{FAE04EC0-301F-11D3-BF4B-00C04F79EFBC}") = "MusicTrack", "MusicTrack\MusicTrack.csproj", "{3A516188-E038-4265-BF04-0AE1AADF7609}"
EndProject
Project("{FAE04EC0-301F-11D3-BF4B-00C04F79EFBC}") = "MusicTracks2", "MusicTracks2\MusicTracks2.csproj", "{A5B68720-C9EA-4E3D-B3CE-83B821B6CDAF}"
EndProject
Global
	GlobalSection(SolutionConfigurationPlatforms) = preSolution
		Debug|Any CPU = Debug|Any CPU
		Release|Any CPU = Release|Any CPU
	EndGlobalSection
	GlobalSection(ProjectConfigurationPlatforms) = postSolution
		{3A516188-E038-4265-BF04-0AE1AADF7609}.Debug|Any CPU.ActiveCfg = Debug|Any CPU
		{3A516188-E038-4265-BF04-0AE1AADF7609}.Debug|Any CPU.Build.0 = Debug|Any CPU
		{3A516188-E038-4265-BF04-0AE1AADF7609}.Release|Any CPU.ActiveCfg = Release|Any CPU
		{3A516188-E038-4265-BF04-0AE1AADF7609}.Release|Any CPU.Build.0 = Release|Any CPU
		{A5B68720-C9EA-4E3D-B3CE-83B821B6CDAF}.Debug|Any CPU.ActiveCfg = Debug|Any CPU
		{A5B68720-C9EA-4E3D-B3CE-83B821B6CDAF}.Debug|Any CPU.Build.0 = Debug|Any CPU
		{A5B68720-C9EA-4E3D-B3CE-83B821B6CDAF}.Release|Any CPU.ActiveCfg = Release|Any CPU
		{A5B68720-C9EA-4E3D-B3CE-83B821B6CDAF}.Release|Any CPU.Build.0 = Release|Any CPU
	EndGlobalSection
	GlobalSection(SolutionProperties) = preSolution
		HideSolutionNode = FALSE
	EndGlobalSection
	GlobalSection(ExtensibilityGlobals) = postSolution
		SolutionGuid = {7BD23518-99FE-4785-AFAA-BB274AA9E2E5}
	EndGlobalSection
EndGlobal
